
Microsoft Visual Studio Solution File, Format Version 12.00
# Visual Studio Version 17
VisualStudioVersion = 17.3.32825.248
MinimumVisualStudioVersion = 10.0.40219.1
Project("{FAE04EC0-301F-11D3-BF4B-00C04F79EFBC}") = "webapi-net6-errorhandling", "webapi-net6-errorhandling.csproj", "{02150248-84DB-4431-A02A-A07BAED66F63}"
EndProject
Global
	GlobalSection(SolutionConfigurationPlatforms) = preSolution
		Debug|Any CPU = Debug|Any CPU
		Release|Any CPU = Release|Any CPU
	EndGlobalSection
	GlobalSection(ProjectConfigurationPlatforms) = postSolution
		{02150248-84DB-4431-A02A-A07BAED66F63}.Debug|Any CPU.ActiveCfg = Debug|Any CPU
		{02150248-84DB-4431-A02A-A07BAED66F63}.Debug|Any CPU.Build.0 = Debug|Any CPU
		{02150248-84DB-4431-A02A-A07BAED66F63}.Release|Any CPU.ActiveCfg = Release|Any CPU
		{02150248-84DB-4431-A02A-A07BAED66F63}.Release|Any CPU.Build.0 = Release|Any CPU
	EndGlobalSection
	GlobalSection(SolutionProperties) = preSolution
		HideSolutionNode = FALSE
	EndGlobalSection
	GlobalSection(ExtensibilityGlobals) = postSolution
		SolutionGuid = {15D1EE6B-982F-430F-96D5-81BFB4EC0E53}
	EndGlobalSection
EndGlobal
